{
  "name": "rpg",
  "version": "1.0.0",
  "lockfileVersion": 1,
  "requires": true,
  "dependencies": {
    "auto-bind": {
      "version": "1.2.1",
      "resolved": "http://npm.gloot.com/auto-bind/-/auto-bind-1.2.1.tgz",
      "integrity": "sha512-/W9yj1yKmBLwpexwAujeD9YHwYmRuWFGV8HWE7smQab797VeHa4/cnE2NFeDhA+E+5e/OGBI8763EhLjfZ/MXA=="
    },
    "uuid": {
      "version": "3.3.2",
      "resolved": "http://npm.gloot.com/uuid/-/uuid-3.3.2.tgz",
      "integrity": "sha512-yXJmeNaw3DnnKAOKJE51sL/ZaYfWJRl1pK9dr19YFCu0ObS231AB1/LbqTKRAQ5kw8A90rA6fr4riOUpTZvQZA=="
    }
  }
}
